// !$*UTF8*$!
{
	archiveVersion = 1;
	classes = {
	};
	objectVersion = 48;
	objects = {

/* Begin PBXBuildFile section */
		5BDA38F8A3243A1CD3D5630E /* Pods_MercadoLibreExample.framework in Frameworks */ = {isa = PBXBuildFile; fileRef = 567DFBDC285FE3F9198B0A4E /* Pods_MercadoLibreExample.framework */; };
		8112DEB520A9CB500062D9F3 /* ProductsTableViewController.swift in Sources */ = {isa = PBXBuildFile; fileRef = 8112DEB420A9CB500062D9F3 /* ProductsTableViewController.swift */; };
		8112DEB720A9D4A40062D9F3 /* MercadoLibreApiDAO.swift in Sources */ = {isa = PBXBuildFile; fileRef = 8112DEB620A9D4A40062D9F3 /* MercadoLibreApiDAO.swift */; };
		812C21BF20A9C6D700B19442 /* AppDelegate.swift in Sources */ = {isa = PBXBuildFile; fileRef = 812C21BE20A9C6D700B19442 /* AppDelegate.swift */; };
		812C21C120A9C6D700B19442 /* ViewController.swift in Sources */ = {isa = PBXBuildFile; fileRef = 812C21C020A9C6D700B19442 /* ViewController.swift */; };
		812C21C420A9C6D700B19442 /* Main.storyboard in Resources */ = {isa = PBXBuildFile; fileRef = 812C21C220A9C6D700B19442 /* Main.storyboard */; };
		812C21C620A9C6D700B19442 /* Assets.xcassets in Resources */ = {isa = PBXBuildFile; fileRef = 812C21C520A9C6D700B19442 /* Assets.xcassets */; };
		812C21C920A9C6D700B19442 /* LaunchScreen.storyboard in Resources */ = {isa = PBXBuildFile; fileRef = 812C21C720A9C6D700B19442 /* LaunchScreen.storyboard */; };
		81363D4620A9E2AA00984CC3 /* ProductTableViewCell.swift in Sources */ = {isa = PBXBuildFile; fileRef = 81363D4520A9E2AA00984CC3 /* ProductTableViewCell.swift */; };
		81FC948720A9D54000B52AB9 /* Product.swift in Sources */ = {isa = PBXBuildFile; fileRef = 81FC948620A9D54000B52AB9 /* Product.swift */; };
/* End PBXBuildFile section */

/* Begin PBXFileReference section */
		1DE7F4903747B54A857EBE24 /* Pods-MercadoLibreExample.debug.xcconfig */ = {isa = PBXFileReference; includeInIndex = 1; lastKnownFileType = text.xcconfig; name = "Pods-MercadoLibreExample.debug.xcconfig"; path = "Pods/Target Support Files/Pods-MercadoLibreExample/Pods-MercadoLibreExample.debug.xcconfig"; sourceTree = "<group>"; };
		567DFBDC285FE3F9198B0A4E /* Pods_MercadoLibreExample.framework */ = {isa = PBXFileReference; explicitFileType = wrapper.framework; includeInIndex = 0; path = Pods_MercadoLibreExample.framework; sourceTree = BUILT_PRODUCTS_DIR; };
		8112DEB420A9CB500062D9F3 /* ProductsTableViewController.swift */ = {isa = PBXFileReference; lastKnownFileType = sourcecode.swift; path = ProductsTableViewController.swift; sourceTree = "<group>"; };
		8112DEB620A9D4A40062D9F3 /* MercadoLibreApiDAO.swift */ = {isa = PBXFileReference; lastKnownFileType = sourcecode.swift; path = MercadoLibreApiDAO.swift; sourceTree = "<group>"; };
		812C21BB20A9C6D700B19442 /* MercadoLibreExample.app */ = {isa = PBXFileReference; explicitFileType = wrapper.application; includeInIndex = 0; path = MercadoLibreExample.app; sourceTree = BUILT_PRODUCTS_DIR; };
		812C21BE20A9C6D700B19442 /* AppDelegate.swift */ = {isa = PBXFileReference; lastKnownFileType = sourcecode.swift; path = AppDelegate.swift; sourceTree = "<group>"; };
		812C21C020A9C6D700B19442 /* ViewController.swift */ = {isa = PBXFileReference; lastKnownFileType = sourcecode.swift; path = ViewController.swift; sourceTree = "<group>"; };
		812C21C320A9C6D700B19442 /* Base */ = {isa = PBXFileReference; lastKnownFileType = file.storyboard; name = Base; path = Base.lproj/Main.storyboard; sourceTree = "<group>"; };
		812C21C520A9C6D700B19442 /* Assets.xcassets */ = {isa = PBXFileReference; lastKnownFileType = folder.assetcatalog; path = Assets.xcassets; sourceTree = "<group>"; };
		812C21C820A9C6D700B19442 /* Base */ = {isa = PBXFileReference; lastKnownFileType = file.storyboard; name = Base; path = Base.lproj/LaunchScreen.storyboard; sourceTree = "<group>"; };
		812C21CA20A9C6D700B19442 /* Info.plist */ = {isa = PBXFileReference; lastKnownFileType = text.plist.xml; path = Info.plist; sourceTree = "<group>"; };
		81363D4520A9E2AA00984CC3 /* ProductTableViewCell.swift */ = {isa = PBXFileReference; lastKnownFileType = sourcecode.swift; path = ProductTableViewCell.swift; sourceTree = "<group>"; };
		81FC948620A9D54000B52AB9 /* Product.swift */ = {isa = PBXFileReference; lastKnownFileType = sourcecode.swift; path = Product.swift; sourceTree = "<group>"; };
		DA096FA32843282AA199DD84 /* Pods-MercadoLibreExample.release.xcconfig */ = {isa = PBXFileReference; includeInIndex = 1; lastKnownFileType = text.xcconfig; name = "Pods-MercadoLibreExample.release.xcconfig"; path = "Pods/Target Support Files/Pods-MercadoLibreExample/Pods-MercadoLibreExample.release.xcconfig"; sourceTree = "<group>"; };
/* End PBXFileReference section */

/* Begin PBXFrameworksBuildPhase section */
		812C21B820A9C6D700B19442 /* Frameworks */ = {
			isa = PBXFrameworksBuildPhase;
			buildActionMask = 2147483647;
			files = (
				5BDA38F8A3243A1CD3D5630E /* Pods_MercadoLibreExample.framework in Frameworks */,
			);
			runOnlyForDeploymentPostprocessing = 0;
		};
/* End PBXFrameworksBuildPhase section */

/* Begin PBXGroup section */
		221721D1CEA154E83FAF9ACC /* Frameworks */ = {
			isa = PBXGroup;
			children = (
				567DFBDC285FE3F9198B0A4E /* Pods_MercadoLibreExample.framework */,
			);
			name = Frameworks;
			sourceTree = "<group>";
		};
		812C21B220A9C6D700B19442 = {
			isa = PBXGroup;
			children = (
				812C21BD20A9C6D700B19442 /* MercadoLibreExample */,
				812C21BC20A9C6D700B19442 /* Products */,
				A215603347389E884A084D35 /* Pods */,
				221721D1CEA154E83FAF9ACC /* Frameworks */,
			);
			sourceTree = "<group>";
		};
		812C21BC20A9C6D700B19442 /* Products */ = {
			isa = PBXGroup;
			children = (
				812C21BB20A9C6D700B19442 /* MercadoLibreExample.app */,
			);
			name = Products;
			sourceTree = "<group>";
		};
		812C21BD20A9C6D700B19442 /* MercadoLibreExample */ = {
			isa = PBXGroup;
			children = (
				812C21BE20A9C6D700B19442 /* AppDelegate.swift */,
				812C21C020A9C6D700B19442 /* ViewController.swift */,
				812C21C220A9C6D700B19442 /* Main.storyboard */,
				812C21C520A9C6D700B19442 /* Assets.xcassets */,
				812C21C720A9C6D700B19442 /* LaunchScreen.storyboard */,
				812C21CA20A9C6D700B19442 /* Info.plist */,
				8112DEB420A9CB500062D9F3 /* ProductsTableViewController.swift */,
				8112DEB620A9D4A40062D9F3 /* MercadoLibreApiDAO.swift */,
				81FC948620A9D54000B52AB9 /* Product.swift */,
				81363D4520A9E2AA00984CC3 /* ProductTableViewCell.swift */,
			);
			path = MercadoLibreExample;
			sourceTree = "<group>";
		};
		A215603347389E884A084D35 /* Pods */ = {
			isa = PBXGroup;
			children = (
				1DE7F4903747B54A857EBE24 /* Pods-MercadoLibreExample.debug.xcconfig */,
				DA096FA32843282AA199DD84 /* Pods-MercadoLibreExample.release.xcconfig */,
			);
			name = Pods;
			sourceTree = "<group>";
		};
/* End PBXGroup section */

/* Begin PBXNativeTarget section */
		812C21BA20A9C6D700B19442 /* MercadoLibreExample */ = {
			isa = PBXNativeTarget;
			buildConfigurationList = 812C21CD20A9C6D700B19442 /* Build configuration list for PBXNativeTarget "MercadoLibreExample" */;
			buildPhases = (
				6EE9236C9A9154DC2D7024A0 /* [CP] Check Pods Manifest.lock */,
				812C21B720A9C6D700B19442 /* Sources */,
				812C21B820A9C6D700B19442 /* Frameworks */,
				812C21B920A9C6D700B19442 /* Resources */,
				302780BE2901A5A62444D9FB /* [CP] Embed Pods Frameworks */,
			);
			buildRules = (
			);
			dependencies = (
			);
			name = MercadoLibreExample;
			productName = MercadoLibreExample;
			productReference = 812C21BB20A9C6D700B19442 /* MercadoLibreExample.app */;
			productType = "com.apple.product-type.application";
		};
/* End PBXNativeTarget section */

/* Begin PBXProject section */
		812C21B320A9C6D700B19442 /* Project object */ = {
			isa = PBXProject;
			attributes = {
				LastSwiftUpdateCheck = 0920;
				LastUpgradeCheck = 0920;
				ORGANIZATIONNAME = Acn;
				TargetAttributes = {
					812C21BA20A9C6D700B19442 = {
						CreatedOnToolsVersion = 9.2;
						ProvisioningStyle = Automatic;
					};
				};
			};
			buildConfigurationList = 812C21B620A9C6D700B19442 /* Build configuration list for PBXProject "MercadoLibreExample" */;
			compatibilityVersion = "Xcode 8.0";
			developmentRegion = en;
			hasScannedForEncodings = 0;
			knownRegions = (
				en,
				Base,
			);
			mainGroup = 812C21B220A9C6D700B19442;
			productRefGroup = 812C21BC20A9C6D700B19442 /* Products */;
			projectDirPath = "";
			projectRoot = "";
			targets = (
				812C21BA20A9C6D700B19442 /* MercadoLibreExample */,
			);
		};
/* End PBXProject section */

/* Begin PBXResourcesBuildPhase section */
		812C21B920A9C6D700B19442 /* Resources */ = {
			isa = PBXResourcesBuildPhase;
			buildActionMask = 2147483647;
			files = (
				812C21C920A9C6D700B19442 /* LaunchScreen.storyboard in Resources */,
				812C21C620A9C6D700B19442 /* Assets.xcassets in Resources */,
				812C21C420A9C6D700B19442 /* Main.storyboard in Resources */,
			);
			runOnlyForDeploymentPostprocessing = 0;
		};
/* End PBXResourcesBuildPhase section */

/* Begin PBXShellScriptBuildPhase section */
		302780BE2901A5A62444D9FB /* [CP] Embed Pods Frameworks */ = {
			isa = PBXShellScriptBuildPhase;
			buildActionMask = 2147483647;
			files = (
			);
			inputPaths = (
				"${SRCROOT}/Pods/Target Support Files/Pods-MercadoLibreExample/Pods-MercadoLibreExample-frameworks.sh",
				"${BUILT_PRODUCTS_DIR}/Alamofire/Alamofire.framework",
				"${BUILT_PRODUCTS_DIR}/Kingfisher/Kingfisher.framework",
			);
			name = "[CP] Embed Pods Frameworks";
			outputPaths = (
				"${TARGET_BUILD_DIR}/${FRAMEWORKS_FOLDER_PATH}/Alamofire.framework",
				"${TARGET_BUILD_DIR}/${FRAMEWORKS_FOLDER_PATH}/Kingfisher.framework",
			);
			runOnlyForDeploymentPostprocessing = 0;
			shellPath = /bin/sh;
			shellScript = "\"${SRCROOT}/Pods/Target Support Files/Pods-MercadoLibreExample/Pods-MercadoLibreExample-frameworks.sh\"\n";
			showEnvVarsInLog = 0;
		};
		6EE9236C9A9154DC2D7024A0 /* [CP] Check Pods Manifest.lock */ = {
			isa = PBXShellScriptBuildPhase;
			buildActionMask = 2147483647;
			files = (
			);
			inputPaths = (
				"${PODS_PODFILE_DIR_PATH}/Podfile.lock",
				"${PODS_ROOT}/Manifest.lock",
			);
			name = "[CP] Check Pods Manifest.lock";
			outputPaths = (
				"$(DERIVED_FILE_DIR)/Pods-MercadoLibreExample-checkManifestLockResult.txt",
			);
			runOnlyForDeploymentPostprocessing = 0;
			shellPath = /bin/sh;
			shellScript = "diff \"${PODS_PODFILE_DIR_PATH}/Podfile.lock\" \"${PODS_ROOT}/Manifest.lock\" > /dev/null\nif [ $? != 0 ] ; then\n    # print error to STDERR\n    echo \"error: The sandbox is not in sync with the Podfile.lock. Run 'pod install' or update your CocoaPods installation.\" >&2\n    exit 1\nfi\n# This output is used by Xcode 'outputs' to avoid re-running this script phase.\necho \"SUCCESS\" > \"${SCRIPT_OUTPUT_FILE_0}\"\n";
			showEnvVarsInLog = 0;
		};
/* End PBXShellScriptBuildPhase section */

/* Begin PBXSourcesBuildPhase section */
		812C21B720A9C6D700B19442 /* Sources */ = {
			isa = PBXSourcesBuildPhase;
			buildActionMask = 2147483647;
			files = (
				812C21C120A9C6D700B19442 /* ViewController.swift in Sources */,
				8112DEB520A9CB500062D9F3 /* ProductsTableViewController.swift in Sources */,
				81FC948720A9D54000B52AB9 /* Product.swift in Sources */,
				8112DEB720A9D4A40062D9F3 /* MercadoLibreApiDAO.swift in Sources */,
				812C21BF20A9C6D700B19442 /* AppDelegate.swift in Sources */,
				81363D4620A9E2AA00984CC3 /* ProductTableViewCell.swift in Sources */,
			);
			runOnlyForDeploymentPostprocessing = 0;
		};
/* End PBXSourcesBuildPhase section */

/* Begin PBXVariantGroup section */
		812C21C220A9C6D700B19442 /* Main.storyboard */ = {
			isa = PBXVariantGroup;
			children = (
				812C21C320A9C6D700B19442 /* Base */,
			);
			name = Main.storyboard;
			sourceTree = "<group>";
		};
		812C21C720A9C6D700B19442 /* LaunchScreen.storyboard */ = {
			isa = PBXVariantGroup;
			children = (
				812C21C820A9C6D700B19442 /* Base */,
			);
			name = LaunchScreen.storyboard;
			sourceTree = "<group>";
		};
/* End PBXVariantGroup section */

/* Begin XCBuildConfiguration section */
		812C21CB20A9C6D700B19442 /* Debug */ = {
			isa = XCBuildConfiguration;
			buildSettings = {
				ALWAYS_SEARCH_USER_PATHS = NO;
				CLANG_ANALYZER_NONNULL = YES;
				CLANG_ANALYZER_NUMBER_OBJECT_CONVERSION = YES_AGGRESSIVE;
				CLANG_CXX_LANGUAGE_STANDARD = "gnu++14";
				CLANG_CXX_LIBRARY = "libc++";
				CLANG_ENABLE_MODULES = YES;
				CLANG_ENABLE_OBJC_ARC = YES;
				CLANG_WARN_BLOCK_CAPTURE_AUTORELEASING = YES;
				CLANG_WARN_BOOL_CONVERSION = YES;
				CLANG_WARN_COMMA = YES;
				CLANG_WARN_CONSTANT_CONVERSION = YES;
				CLANG_WARN_DIRECT_OBJC_ISA_USAGE = YES_ERROR;
				CLANG_WARN_DOCUMENTATION_COMMENTS = YES;
				CLANG_WARN_EMPTY_BODY = YES;
				CLANG_WARN_ENUM_CONVERSION = YES;
				CLANG_WARN_INFINITE_RECURSION = YES;
				CLANG_WARN_INT_CONVERSION = YES;
				CLANG_WARN_NON_LITERAL_NULL_CONVERSION = YES;
				CLANG_WARN_OBJC_LITERAL_CONVERSION = YES;
				CLANG_WARN_OBJC_ROOT_CLASS = YES_ERROR;
				CLANG_WARN_RANGE_LOOP_ANALYSIS = YES;
				CLANG_WARN_STRICT_PROTOTYPES = YES;
				CLANG_WARN_SUSPICIOUS_MOVE = YES;
				CLANG_WARN_UNGUARDED_AVAILABILITY = YES_AGGRESSIVE;
				CLANG_WARN_UNREACHABLE_CODE = YES;
				CLANG_WARN__DUPLICATE_METHOD_MATCH = YES;
				CODE_SIGN_IDENTITY = "iPhone Developer";
				COPY_PHASE_STRIP = NO;
				DEBUG_INFORMATION_FORMAT = dwarf;
				ENABLE_STRICT_OBJC_MSGSEND = YES;
				ENABLE_TESTABILITY = YES;
				GCC_C_LANGUAGE_STANDARD = gnu11;
				GCC_DYNAMIC_NO_PIC = NO;
				GCC_NO_COMMON_BLOCKS = YES;
				GCC_OPTIMIZATION_LEVEL = 0;
				GCC_PREPROCESSOR_DEFINITIONS = (
					"DEBUG=1",
					"$(inherited)",
				);
				GCC_WARN_64_TO_32_BIT_CONVERSION = YES;
				GCC_WARN_ABOUT_RETURN_TYPE = YES_ERROR;
				GCC_WARN_UNDECLARED_SELECTOR = YES;
				GCC_WARN_UNINITIALIZED_AUTOS = YES_AGGRESSIVE;
				GCC_WARN_UNUSED_FUNCTION = YES;
				GCC_WARN_UNUSED_VARIABLE = YES;
				IPHONEOS_DEPLOYMENT_TARGET = 11.2;
				MTL_ENABLE_DEBUG_INFO = YES;
				ONLY_ACTIVE_ARCH = YES;
				SDKROOT = iphoneos;
				SWIFT_ACTIVE_COMPILATION_CONDITIONS = DEBUG;
				SWIFT_OPTIMIZATION_LEVEL = "-Onone";
			};
			name = Debug;
		};
		812C21CC20A9C6D700B19442 /* Release */ = {
			isa = XCBuildConfiguration;
			buildSettings = {
				ALWAYS_SEARCH_USER_PATHS = NO;
				CLANG_ANALYZER_NONNULL = YES;
				CLANG_ANALYZER_NUMBER_OBJECT_CONVERSION = YES_AGGRESSIVE;
				CLANG_CXX_LANGUAGE_STANDARD = "gnu++14";
				CLANG_CXX_LIBRARY = "libc++";
				CLANG_ENABLE_MODULES = YES;
				CLANG_ENABLE_OBJC_ARC = YES;
				CLANG_WARN_BLOCK_CAPTURE_AUTORELEASING = YES;
				CLANG_WARN_BOOL_CONVERSION = YES;
				CLANG_WARN_COMMA = YES;
				CLANG_WARN_CONSTANT_CONVERSION = YES;
				CLANG_WARN_DIRECT_OBJC_ISA_USAGE = YES_ERROR;
				CLANG_WARN_DOCUMENTATION_COMMENTS = YES;
				CLANG_WARN_EMPTY_BODY = YES;
				CLANG_WARN_ENUM_CONVERSION = YES;
				CLANG_WARN_INFINITE_RECURSION = YES;
				CLANG_WARN_INT_CONVERSION = YES;
				CLANG_WARN_NON_LITERAL_NULL_CONVERSION = YES;
				CLANG_WARN_OBJC_LITERAL_CONVERSION = YES;
				CLANG_WARN_OBJC_ROOT_CLASS = YES_ERROR;
				CLANG_WARN_RANGE_LOOP_ANALYSIS = YES;
				CLANG_WARN_STRICT_PROTOTYPES = YES;
				CLANG_WARN_SUSPICIOUS_MOVE = YES;
				CLANG_WARN_UNGUARDED_AVAILABILITY = YES_AGGRESSIVE;
				CLANG_WARN_UNREACHABLE_CODE = YES;
				CLANG_WARN__DUPLICATE_METHOD_MATCH = YES;
				CODE_SIGN_IDENTITY = "iPhone Developer";
				COPY_PHASE_STRIP = NO;
				DEBUG_INFORMATION_FORMAT = "dwarf-with-dsym";
				ENABLE_NS_ASSERTIONS = NO;
				ENABLE_STRICT_OBJC_MSGSEND = YES;
				GCC_C_LANGUAGE_STANDARD = gnu11;
				GCC_NO_COMMON_BLOCKS = YES;
				GCC_WARN_64_TO_32_BIT_CONVERSION = YES;
				GCC_WARN_ABOUT_RETURN_TYPE = YES_ERROR;
				GCC_WARN_UNDECLARED_SELECTOR = YES;
				GCC_WARN_UNINITIALIZED_AUTOS = YES_AGGRESSIVE;
				GCC_WARN_UNUSED_FUNCTION = YES;
				GCC_WARN_UNUSED_VARIABLE = YES;
				IPHONEOS_DEPLOYMENT_TARGET = 11.2;
				MTL_ENABLE_DEBUG_INFO = NO;
				SDKROOT = iphoneos;
				SWIFT_OPTIMIZATION_LEVEL = "-Owholemodule";
				VALIDATE_PRODUCT = YES;
			};
			name = Release;
		};
		812C21CE20A9C6D700B19442 /* Debug */ = {
			isa = XCBuildConfiguration;
			baseConfigurationReference = 1DE7F4903747B54A857EBE24 /* Pods-MercadoLibreExample.debug.xcconfig */;
			buildSettings = {
				ASSETCATALOG_COMPILER_APPICON_NAME = AppIcon;
				CODE_SIGN_STYLE = Automatic;
				INFOPLIST_FILE = MercadoLibreExample/Info.plist;
				LD_RUNPATH_SEARCH_PATHS = "$(inherited) @executable_path/Frameworks";
				PRODUCT_BUNDLE_IDENTIFIER = com.acn.MercadoLibreExample;
				PRODUCT_NAME = "$(TARGET_NAME)";
				SWIFT_VERSION = 4.0;
				TARGETED_DEVICE_FAMILY = "1,2";
			};
			name = Debug;
		};
		812C21CF20A9C6D700B19442 /* Release */ = {
			isa = XCBuildConfiguration;
			baseConfigurationReference = DA096FA32843282AA199DD84 /* Pods-MercadoLibreExample.release.xcconfig */;
			buildSettings = {
				ASSETCATALOG_COMPILER_APPICON_NAME = AppIcon;
				CODE_SIGN_STYLE = Automatic;
				INFOPLIST_FILE = MercadoLibreExample/Info.plist;
				LD_RUNPATH_SEARCH_PATHS = "$(inherited) @executable_path/Frameworks";
				PRODUCT_BUNDLE_IDENTIFIER = com.acn.MercadoLibreExample;
				PRODUCT_NAME = "$(TARGET_NAME)";
				SWIFT_VERSION = 4.0;
				TARGETED_DEVICE_FAMILY = "1,2";
			};
			name = Release;
		};
/* End XCBuildConfiguration section */

/* Begin XCConfigurationList section */
		812C21B620A9C6D700B19442 /* Build configuration list for PBXProject "MercadoLibreExample" */ = {
			isa = XCConfigurationList;
			buildConfigurations = (
				812C21CB20A9C6D700B19442 /* Debug */,
				812C21CC20A9C6D700B19442 /* Release */,
			);
			defaultConfigurationIsVisible = 0;
			defaultConfigurationName = Release;
		};
		812C21CD20A9C6D700B19442 /* Build configuration list for PBXNativeTarget "MercadoLibreExample" */ = {
			isa = XCConfigurationList;
			buildConfigurations = (
				812C21CE20A9C6D700B19442 /* Debug */,
				812C21CF20A9C6D700B19442 /* Release */,
			);
			defaultConfigurationIsVisible = 0;
			defaultConfigurationName = Release;
		};
/* End XCConfigurationList section */
	};
	rootObject = 812C21B320A9C6D700B19442 /* Project object */;
}
